
Microsoft Visual Studio Solution File, Format Version 12.00
# Visual Studio Version 16
VisualStudioVersion = 16.0.0.0
MinimumVisualStudioVersion = 16.0.0.0
Project("{9A19103F-16F7-4668-BE54-9A1E7A4F7556}") = "WorldOfBlazorCraft", "WorldOfBlazorCraft\WorldOfBlazorCraft.csproj", "{6E04A2F9-9490-4958-907B-D8935DE1B036}"
EndProject
Project("{9A19103F-16F7-4668-BE54-9A1E7A4F7556}") = "WorldOfBlazorCraft.Client", "WorldOfBlazorCraft.Client\WorldOfBlazorCraft.Client.csproj", "{21901C23-BCDF-4E5A-844F-C39D025C3FE4}"
EndProject
Project("{FAE04EC0-301F-11D3-BF4B-00C04F79EFBC}") = "WorldOfBlazorCraft.Shared", "WorldOfBlazorCraft.Shared\WorldOfBlazorCraft.Shared.csproj", "{620008B1-D3E1-4788-ADC4-93B30F3A8662}"
EndProject
Global
	GlobalSection(SolutionConfigurationPlatforms) = preSolution
		Debug|Any CPU = Debug|Any CPU
		Debug|x64 = Debug|x64
		Debug|x86 = Debug|x86
		Release|Any CPU = Release|Any CPU
		Release|x64 = Release|x64
		Release|x86 = Release|x86
	EndGlobalSection
	GlobalSection(ProjectConfigurationPlatforms) = postSolution
		{6E04A2F9-9490-4958-907B-D8935DE1B036}.Debug|Any CPU.ActiveCfg = Debug|Any CPU
		{6E04A2F9-9490-4958-907B-D8935DE1B036}.Debug|Any CPU.Build.0 = Debug|Any CPU
		{6E04A2F9-9490-4958-907B-D8935DE1B036}.Debug|x64.ActiveCfg = Debug|Any CPU
		{6E04A2F9-9490-4958-907B-D8935DE1B036}.Debug|x64.Build.0 = Debug|Any CPU
		{6E04A2F9-9490-4958-907B-D8935DE1B036}.Debug|x86.ActiveCfg = Debug|Any CPU
		{6E04A2F9-9490-4958-907B-D8935DE1B036}.Debug|x86.Build.0 = Debug|Any CPU
		{6E04A2F9-9490-4958-907B-D8935DE1B036}.Release|Any CPU.ActiveCfg = Release|Any CPU
		{6E04A2F9-9490-4958-907B-D8935DE1B036}.Release|Any CPU.Build.0 = Release|Any CPU
		{6E04A2F9-9490-4958-907B-D8935DE1B036}.Release|x64.ActiveCfg = Release|Any CPU
		{6E04A2F9-9490-4958-907B-D8935DE1B036}.Release|x64.Build.0 = Release|Any CPU
		{6E04A2F9-9490-4958-907B-D8935DE1B036}.Release|x86.ActiveCfg = Release|Any CPU
		{6E04A2F9-9490-4958-907B-D8935DE1B036}.Release|x86.Build.0 = Release|Any CPU
		{21901C23-BCDF-4E5A-844F-C39D025C3FE4}.Debug|Any CPU.ActiveCfg = Debug|Any CPU
		{21901C23-BCDF-4E5A-844F-C39D025C3FE4}.Debug|Any CPU.Build.0 = Debug|Any CPU
		{21901C23-BCDF-4E5A-844F-C39D025C3FE4}.Debug|x64.ActiveCfg = Debug|Any CPU
		{21901C23-BCDF-4E5A-844F-C39D025C3FE4}.Debug|x64.Build.0 = Debug|Any CPU
		{21901C23-BCDF-4E5A-844F-C39D025C3FE4}.Debug|x86.ActiveCfg = Debug|Any CPU
		{21901C23-BCDF-4E5A-844F-C39D025C3FE4}.Debug|x86.Build.0 = Debug|Any CPU
		{21901C23-BCDF-4E5A-844F-C39D025C3FE4}.Release|Any CPU.ActiveCfg = Release|Any CPU
		{21901C23-BCDF-4E5A-844F-C39D025C3FE4}.Release|Any CPU.Build.0 = Release|Any CPU
		{21901C23-BCDF-4E5A-844F-C39D025C3FE4}.Release|x64.ActiveCfg = Release|Any CPU
		{21901C23-BCDF-4E5A-844F-C39D025C3FE4}.Release|x64.Build.0 = Release|Any CPU
		{21901C23-BCDF-4E5A-844F-C39D025C3FE4}.Release|x86.ActiveCfg = Release|Any CPU
		{21901C23-BCDF-4E5A-844F-C39D025C3FE4}.Release|x86.Build.0 = Release|Any CPU
		{620008B1-D3E1-4788-ADC4-93B30F3A8662}.Debug|Any CPU.ActiveCfg = Debug|Any CPU
		{620008B1-D3E1-4788-ADC4-93B30F3A8662}.Debug|Any CPU.Build.0 = Debug|Any CPU
		{620008B1-D3E1-4788-ADC4-93B30F3A8662}.Debug|x64.ActiveCfg = Debug|Any CPU
		{620008B1-D3E1-4788-ADC4-93B30F3A8662}.Debug|x64.Build.0 = Debug|Any CPU
		{620008B1-D3E1-4788-ADC4-93B30F3A8662}.Debug|x86.ActiveCfg = Debug|Any CPU
		{620008B1-D3E1-4788-ADC4-93B30F3A8662}.Debug|x86.Build.0 = Debug|Any CPU
		{620008B1-D3E1-4788-ADC4-93B30F3A8662}.Release|Any CPU.ActiveCfg = Release|Any CPU
		{620008B1-D3E1-4788-ADC4-93B30F3A8662}.Release|Any CPU.Build.0 = Release|Any CPU
		{620008B1-D3E1-4788-ADC4-93B30F3A8662}.Release|x64.ActiveCfg = Release|Any CPU
		{620008B1-D3E1-4788-ADC4-93B30F3A8662}.Release|x64.Build.0 = Release|Any CPU
		{620008B1-D3E1-4788-ADC4-93B30F3A8662}.Release|x86.ActiveCfg = Release|Any CPU
		{620008B1-D3E1-4788-ADC4-93B30F3A8662}.Release|x86.Build.0 = Release|Any CPU
	EndGlobalSection
	GlobalSection(SolutionProperties) = preSolution
		HideSolutionNode = FALSE
	EndGlobalSection
	GlobalSection(ExtensibilityGlobals) = postSolution
		SolutionGuid = {0D6CC8AE-0731-4369-988F-42BA8413F948}
	EndGlobalSection
EndGlobal
